
Microsoft Visual Studio Solution File, Format Version 12.00
# Visual Studio Version 16
VisualStudioVersion = 16.0.30804.86
MinimumVisualStudioVersion = 10.0.40219.1
Project("{FAE04EC0-301F-11D3-BF4B-00C04F79EFBC}") = "DisturbedAppsProject", "DisturbedAppsProject.csproj", "{A6AB8EBA-47CE-4842-A05F-C38CC99D9951}"
EndProject
Project("{FAE04EC0-301F-11D3-BF4B-00C04F79EFBC}") = "AppsService", "..\AppsService\AppsService.csproj", "{9A5B036E-3970-4B0D-BF04-58A6CD13D2A6}"
EndProject
Project("{FAE04EC0-301F-11D3-BF4B-00C04F79EFBC}") = "WcfSOAP2", "..\WcfSOAP2\WcfSOAP2.csproj", "{B1E9C56D-9304-49F8-8569-242F79F99514}"
EndProject
Project("{FAE04EC0-301F-11D3-BF4B-00C04F79EFBC}") = "Repository2", "..\Repository2\Repository2.csproj", "{BF2BD638-2A6B-4993-A991-ED3B85FA4AE8}"
EndProject
Project("{FAE04EC0-301F-11D3-BF4B-00C04F79EFBC}") = "API", "..\API\API.csproj", "{BAA251A2-2CFF-41F5-AA53-BBC30930CAC2}"
EndProject
Project("{FAE04EC0-301F-11D3-BF4B-00C04F79EFBC}") = "ProjMVC", "..\ProjMVC\ProjMVC.csproj", "{EF4AEBA9-4452-4D93-BE61-3E75F16CB6E1}"
	ProjectSection(ProjectDependencies) = postProject
		{B1E9C56D-9304-49F8-8569-242F79F99514} = {B1E9C56D-9304-49F8-8569-242F79F99514}
	EndProjectSection
EndProject
Global
	GlobalSection(SolutionConfigurationPlatforms) = preSolution
		Debug|Any CPU = Debug|Any CPU
		Release|Any CPU = Release|Any CPU
	EndGlobalSection
	GlobalSection(ProjectConfigurationPlatforms) = postSolution
		{A6AB8EBA-47CE-4842-A05F-C38CC99D9951}.Debug|Any CPU.ActiveCfg = Debug|Any CPU
		{A6AB8EBA-47CE-4842-A05F-C38CC99D9951}.Debug|Any CPU.Build.0 = Debug|Any CPU
		{A6AB8EBA-47CE-4842-A05F-C38CC99D9951}.Release|Any CPU.ActiveCfg = Release|Any CPU
		{A6AB8EBA-47CE-4842-A05F-C38CC99D9951}.Release|Any CPU.Build.0 = Release|Any CPU
		{9A5B036E-3970-4B0D-BF04-58A6CD13D2A6}.Debug|Any CPU.ActiveCfg = Debug|Any CPU
		{9A5B036E-3970-4B0D-BF04-58A6CD13D2A6}.Debug|Any CPU.Build.0 = Debug|Any CPU
		{9A5B036E-3970-4B0D-BF04-58A6CD13D2A6}.Release|Any CPU.ActiveCfg = Release|Any CPU
		{9A5B036E-3970-4B0D-BF04-58A6CD13D2A6}.Release|Any CPU.Build.0 = Release|Any CPU
		{B1E9C56D-9304-49F8-8569-242F79F99514}.Debug|Any CPU.ActiveCfg = Debug|Any CPU
		{B1E9C56D-9304-49F8-8569-242F79F99514}.Debug|Any CPU.Build.0 = Debug|Any CPU
		{B1E9C56D-9304-49F8-8569-242F79F99514}.Release|Any CPU.ActiveCfg = Release|Any CPU
		{B1E9C56D-9304-49F8-8569-242F79F99514}.Release|Any CPU.Build.0 = Release|Any CPU
		{BF2BD638-2A6B-4993-A991-ED3B85FA4AE8}.Debug|Any CPU.ActiveCfg = Debug|Any CPU
		{BF2BD638-2A6B-4993-A991-ED3B85FA4AE8}.Debug|Any CPU.Build.0 = Debug|Any CPU
		{BF2BD638-2A6B-4993-A991-ED3B85FA4AE8}.Release|Any CPU.ActiveCfg = Release|Any CPU
		{BF2BD638-2A6B-4993-A991-ED3B85FA4AE8}.Release|Any CPU.Build.0 = Release|Any CPU
		{BAA251A2-2CFF-41F5-AA53-BBC30930CAC2}.Debug|Any CPU.ActiveCfg = Debug|Any CPU
		{BAA251A2-2CFF-41F5-AA53-BBC30930CAC2}.Debug|Any CPU.Build.0 = Debug|Any CPU
		{BAA251A2-2CFF-41F5-AA53-BBC30930CAC2}.Release|Any CPU.ActiveCfg = Release|Any CPU
		{BAA251A2-2CFF-41F5-AA53-BBC30930CAC2}.Release|Any CPU.Build.0 = Release|Any CPU
		{EF4AEBA9-4452-4D93-BE61-3E75F16CB6E1}.Debug|Any CPU.ActiveCfg = Debug|Any CPU
		{EF4AEBA9-4452-4D93-BE61-3E75F16CB6E1}.Debug|Any CPU.Build.0 = Debug|Any CPU
		{EF4AEBA9-4452-4D93-BE61-3E75F16CB6E1}.Release|Any CPU.ActiveCfg = Release|Any CPU
		{EF4AEBA9-4452-4D93-BE61-3E75F16CB6E1}.Release|Any CPU.Build.0 = Release|Any CPU
	EndGlobalSection
	GlobalSection(SolutionProperties) = preSolution
		HideSolutionNode = FALSE
	EndGlobalSection
	GlobalSection(ExtensibilityGlobals) = postSolution
		SolutionGuid = {9D79B29B-B4AD-4EBB-9C87-8C7CF5A3B861}
	EndGlobalSection
EndGlobal
